
Microsoft Visual Studio Solution File, Format Version 12.00
# Visual Studio Version 17
VisualStudioVersion = 17.2.32630.192
MinimumVisualStudioVersion = 10.0.40219.1
Project("{9A19103F-16F7-4668-BE54-9A1E7A4F7556}") = "R5T.T0160", "R5T.T0160\R5T.T0160.csproj", "{4AF677E8-28E7-497B-AA67-993002FD8C75}"
EndProject
Project("{2150E333-8FDC-42A3-9474-1A3956D46DE8}") = "_Dependencies", "_Dependencies", "{9F9D7CA9-200A-47EC-BC2B-D2FBEB7D02C1}"
EndProject
Project("{9A19103F-16F7-4668-BE54-9A1E7A4F7556}") = "R5T.T0143", "..\..\R5T.T0143\source\R5T.T0143\R5T.T0143.csproj", "{1975C40B-EFC1-4183-93DB-F09CB61E2032}"
EndProject
Project("{9A19103F-16F7-4668-BE54-9A1E7A4F7556}") = "R5T.T0150", "..\..\R5T.T0150\source\R5T.T0150\R5T.T0150.csproj", "{74E9EDB9-3001-45F0-B856-F5EBA76EAE23}"
EndProject
Project("{9A19103F-16F7-4668-BE54-9A1E7A4F7556}") = "R5T.T0151", "..\..\R5T.T0151\source\R5T.T0151\R5T.T0151.csproj", "{D7282DC1-B640-438C-A8D4-68DA85A9A513}"
EndProject
Project("{9A19103F-16F7-4668-BE54-9A1E7A4F7556}") = "R5T.T0132", "..\..\R5T.T0132\source\R5T.T0132\R5T.T0132.csproj", "{6DBC4229-472A-4FDA-BEAE-42AF80909A82}"
EndProject
Global
	GlobalSection(NestedProjects) = preSolution
		{1975C40B-EFC1-4183-93DB-F09CB61E2032} = {9F9D7CA9-200A-47EC-BC2B-D2FBEB7D02C1}
		{74E9EDB9-3001-45F0-B856-F5EBA76EAE23} = {9F9D7CA9-200A-47EC-BC2B-D2FBEB7D02C1}
		{D7282DC1-B640-438C-A8D4-68DA85A9A513} = {9F9D7CA9-200A-47EC-BC2B-D2FBEB7D02C1}
		{6DBC4229-472A-4FDA-BEAE-42AF80909A82} = {9F9D7CA9-200A-47EC-BC2B-D2FBEB7D02C1}
	EndGlobalSection
	GlobalSection(SolutionConfigurationPlatforms) = preSolution
		Debug|Any CPU = Debug|Any CPU
		Release|Any CPU = Release|Any CPU
	EndGlobalSection
	GlobalSection(ProjectConfigurationPlatforms) = postSolution
		{4AF677E8-28E7-497B-AA67-993002FD8C75}.Debug|Any CPU.ActiveCfg = Debug|Any CPU
		{4AF677E8-28E7-497B-AA67-993002FD8C75}.Debug|Any CPU.Build.0 = Debug|Any CPU
		{4AF677E8-28E7-497B-AA67-993002FD8C75}.Release|Any CPU.ActiveCfg = Release|Any CPU
		{4AF677E8-28E7-497B-AA67-993002FD8C75}.Release|Any CPU.Build.0 = Release|Any CPU
		{1975C40B-EFC1-4183-93DB-F09CB61E2032}.Debug|Any CPU.ActiveCfg = Debug|Any CPU
		{1975C40B-EFC1-4183-93DB-F09CB61E2032}.Debug|Any CPU.Build.0 = Debug|Any CPU
		{1975C40B-EFC1-4183-93DB-F09CB61E2032}.Release|Any CPU.ActiveCfg = Release|Any CPU
		{1975C40B-EFC1-4183-93DB-F09CB61E2032}.Release|Any CPU.Build.0 = Release|Any CPU
		{74E9EDB9-3001-45F0-B856-F5EBA76EAE23}.Debug|Any CPU.ActiveCfg = Debug|Any CPU
		{74E9EDB9-3001-45F0-B856-F5EBA76EAE23}.Debug|Any CPU.Build.0 = Debug|Any CPU
		{74E9EDB9-3001-45F0-B856-F5EBA76EAE23}.Release|Any CPU.ActiveCfg = Release|Any CPU
		{74E9EDB9-3001-45F0-B856-F5EBA76EAE23}.Release|Any CPU.Build.0 = Release|Any CPU
		{D7282DC1-B640-438C-A8D4-68DA85A9A513}.Debug|Any CPU.ActiveCfg = Debug|Any CPU
		{D7282DC1-B640-438C-A8D4-68DA85A9A513}.Debug|Any CPU.Build.0 = Debug|Any CPU
		{D7282DC1-B640-438C-A8D4-68DA85A9A513}.Release|Any CPU.ActiveCfg = Release|Any CPU
		{D7282DC1-B640-438C-A8D4-68DA85A9A513}.Release|Any CPU.Build.0 = Release|Any CPU
		{6DBC4229-472A-4FDA-BEAE-42AF80909A82}.Debug|Any CPU.ActiveCfg = Debug|Any CPU
		{6DBC4229-472A-4FDA-BEAE-42AF80909A82}.Debug|Any CPU.Build.0 = Debug|Any CPU
		{6DBC4229-472A-4FDA-BEAE-42AF80909A82}.Release|Any CPU.ActiveCfg = Release|Any CPU
		{6DBC4229-472A-4FDA-BEAE-42AF80909A82}.Release|Any CPU.Build.0 = Release|Any CPU
	EndGlobalSection
	GlobalSection(SolutionProperties) = preSolution
		HideSolutionNode = FALSE
	EndGlobalSection
	GlobalSection(ExtensibilityGlobals) = postSolution
		SolutionGuid = {994E1ED2-00DB-4ED5-B162-1759347837C4}
	EndGlobalSection
EndGlobal
